
Microsoft Visual Studio Solution File, Format Version 12.00
# Visual Studio Version 17
VisualStudioVersion = 17.0.31903.59
MinimumVisualStudioVersion = 10.0.40219.1
Project("{FAE04EC0-301F-11D3-BF4B-00C04F79EFBC}") = "EtecVeiculos.Api", "EtecVeiculos.Api\EtecVeiculos.Api.csproj", "{A238D7FE-D726-4EBD-A008-1A0AF0CD8785}"
EndProject
Project("{FAE04EC0-301F-11D3-BF4B-00C04F79EFBC}") = "EtecVeiculos.UI", "EtecVeiculos.UI\EtecVeiculos.UI.csproj", "{3BF46472-A559-4F28-9825-B23D279201CC}"
EndProject
Global
	GlobalSection(SolutionConfigurationPlatforms) = preSolution
		Debug|Any CPU = Debug|Any CPU
		Release|Any CPU = Release|Any CPU
	EndGlobalSection
	GlobalSection(SolutionProperties) = preSolution
		HideSolutionNode = FALSE
	EndGlobalSection
	GlobalSection(ProjectConfigurationPlatforms) = postSolution
		{A238D7FE-D726-4EBD-A008-1A0AF0CD8785}.Debug|Any CPU.ActiveCfg = Debug|Any CPU
		{A238D7FE-D726-4EBD-A008-1A0AF0CD8785}.Debug|Any CPU.Build.0 = Debug|Any CPU
		{A238D7FE-D726-4EBD-A008-1A0AF0CD8785}.Release|Any CPU.ActiveCfg = Release|Any CPU
		{A238D7FE-D726-4EBD-A008-1A0AF0CD8785}.Release|Any CPU.Build.0 = Release|Any CPU
		{3BF46472-A559-4F28-9825-B23D279201CC}.Debug|Any CPU.ActiveCfg = Debug|Any CPU
		{3BF46472-A559-4F28-9825-B23D279201CC}.Debug|Any CPU.Build.0 = Debug|Any CPU
		{3BF46472-A559-4F28-9825-B23D279201CC}.Release|Any CPU.ActiveCfg = Release|Any CPU
		{3BF46472-A559-4F28-9825-B23D279201CC}.Release|Any CPU.Build.0 = Release|Any CPU
	EndGlobalSection
EndGlobal
